// !$*UTF8*$!
{
	archiveVersion = 1;
	classes = {
	};
	objectVersion = 46;
	objects = {

/* Begin PBXBuildFile section */
		DDFD94E21BCB81EF00F84FEB /* AppDelegate.swift in Sources */ = {isa = PBXBuildFile; fileRef = DDFD94E11BCB81EF00F84FEB /* AppDelegate.swift */; };
		DDFD94E41BCB81EF00F84FEB /* ViewController.swift in Sources */ = {isa = PBXBuildFile; fileRef = DDFD94E31BCB81EF00F84FEB /* ViewController.swift */; };
		DDFD94E71BCB81EF00F84FEB /* Main.storyboard in Resources */ = {isa = PBXBuildFile; fileRef = DDFD94E51BCB81EF00F84FEB /* Main.storyboard */; };
		DDFD94E91BCB81EF00F84FEB /* Assets.xcassets in Resources */ = {isa = PBXBuildFile; fileRef = DDFD94E81BCB81EF00F84FEB /* Assets.xcassets */; };
		DDFD94EC1BCB81EF00F84FEB /* LaunchScreen.storyboard in Resources */ = {isa = PBXBuildFile; fileRef = DDFD94EA1BCB81EF00F84FEB /* LaunchScreen.storyboard */; };
		DDFD95021BCB891F00F84FEB /* AddTaskViewController.swift in Sources */ = {isa = PBXBuildFile; fileRef = DDFD95011BCB891F00F84FEB /* AddTaskViewController.swift */; settings = {ASSET_TAGS = (); }; };
		DDFD95041BCB892F00F84FEB /* Tasks.swift in Sources */ = {isa = PBXBuildFile; fileRef = DDFD95031BCB892F00F84FEB /* Tasks.swift */; settings = {ASSET_TAGS = (); }; };
		DDFD95061BCB894000F84FEB /* StatsViewController.swift in Sources */ = {isa = PBXBuildFile; fileRef = DDFD95051BCB894000F84FEB /* StatsViewController.swift */; settings = {ASSET_TAGS = (); }; };
/* End PBXBuildFile section */

/* Begin PBXFileReference section */
		DDFD94DE1BCB81EF00F84FEB /* ToDoList.app */ = {isa = PBXFileReference; explicitFileType = wrapper.application; includeInIndex = 0; path = ToDoList.app; sourceTree = BUILT_PRODUCTS_DIR; };
		DDFD94E11BCB81EF00F84FEB /* AppDelegate.swift */ = {isa = PBXFileReference; lastKnownFileType = sourcecode.swift; path = AppDelegate.swift; sourceTree = "<group>"; };
		DDFD94E31BCB81EF00F84FEB /* ViewController.swift */ = {isa = PBXFileReference; lastKnownFileType = sourcecode.swift; path = ViewController.swift; sourceTree = "<group>"; };
		DDFD94E61BCB81EF00F84FEB /* Base */ = {isa = PBXFileReference; lastKnownFileType = file.storyboard; name = Base; path = Base.lproj/Main.storyboard; sourceTree = "<group>"; };
		DDFD94E81BCB81EF00F84FEB /* Assets.xcassets */ = {isa = PBXFileReference; lastKnownFileType = folder.assetcatalog; path = Assets.xcassets; sourceTree = "<group>"; };
		DDFD94EB1BCB81EF00F84FEB /* Base */ = {isa = PBXFileReference; lastKnownFileType = file.storyboard; name = Base; path = Base.lproj/LaunchScreen.storyboard; sourceTree = "<group>"; };
		DDFD94ED1BCB81EF00F84FEB /* Info.plist */ = {isa = PBXFileReference; lastKnownFileType = text.plist.xml; path = Info.plist; sourceTree = "<group>"; };
		DDFD95011BCB891F00F84FEB /* AddTaskViewController.swift */ = {isa = PBXFileReference; fileEncoding = 4; lastKnownFileType = sourcecode.swift; path = AddTaskViewController.swift; sourceTree = "<group>"; };
		DDFD95031BCB892F00F84FEB /* Tasks.swift */ = {isa = PBXFileReference; fileEncoding = 4; lastKnownFileType = sourcecode.swift; path = Tasks.swift; sourceTree = "<group>"; };
		DDFD95051BCB894000F84FEB /* StatsViewController.swift */ = {isa = PBXFileReference; fileEncoding = 4; lastKnownFileType = sourcecode.swift; path = StatsViewController.swift; sourceTree = "<group>"; };
/* End PBXFileReference section */

/* Begin PBXFrameworksBuildPhase section */
		DDFD94DB1BCB81EF00F84FEB /* Frameworks */ = {
			isa = PBXFrameworksBuildPhase;
			buildActionMask = 2147483647;
			files = (
			);
			runOnlyForDeploymentPostprocessing = 0;
		};
/* End PBXFrameworksBuildPhase section */

/* Begin PBXGroup section */
		DDFD94D51BCB81EF00F84FEB = {
			isa = PBXGroup;
			children = (
				DDFD94E01BCB81EF00F84FEB /* ToDoList */,
				DDFD94DF1BCB81EF00F84FEB /* Products */,
			);
			sourceTree = "<group>";
		};
		DDFD94DF1BCB81EF00F84FEB /* Products */ = {
			isa = PBXGroup;
			children = (
				DDFD94DE1BCB81EF00F84FEB /* ToDoList.app */,
			);
			name = Products;
			sourceTree = "<group>";
		};
		DDFD94E01BCB81EF00F84FEB /* ToDoList */ = {
			isa = PBXGroup;
			children = (
				DDFD94E11BCB81EF00F84FEB /* AppDelegate.swift */,
				DDFD94E31BCB81EF00F84FEB /* ViewController.swift */,
				DDFD94E51BCB81EF00F84FEB /* Main.storyboard */,
				DDFD94E81BCB81EF00F84FEB /* Assets.xcassets */,
				DDFD94EA1BCB81EF00F84FEB /* LaunchScreen.storyboard */,
				DDFD94ED1BCB81EF00F84FEB /* Info.plist */,
				DDFD95011BCB891F00F84FEB /* AddTaskViewController.swift */,
				DDFD95031BCB892F00F84FEB /* Tasks.swift */,
				DDFD95051BCB894000F84FEB /* StatsViewController.swift */,
			);
			path = ToDoList;
			sourceTree = "<group>";
		};
/* End PBXGroup section */

/* Begin PBXNativeTarget section */
		DDFD94DD1BCB81EF00F84FEB /* ToDoList */ = {
			isa = PBXNativeTarget;
			buildConfigurationList = DDFD94F01BCB81EF00F84FEB /* Build configuration list for PBXNativeTarget "ToDoList" */;
			buildPhases = (
				DDFD94DA1BCB81EF00F84FEB /* Sources */,
				DDFD94DB1BCB81EF00F84FEB /* Frameworks */,
				DDFD94DC1BCB81EF00F84FEB /* Resources */,
			);
			buildRules = (
			);
			dependencies = (
			);
			name = ToDoList;
			productName = ToDoList;
			productReference = DDFD94DE1BCB81EF00F84FEB /* ToDoList.app */;
			productType = "com.apple.product-type.application";
		};
/* End PBXNativeTarget section */

/* Begin PBXProject section */
		DDFD94D61BCB81EF00F84FEB /* Project object */ = {
			isa = PBXProject;
			attributes = {
				LastUpgradeCheck = 0700;
				ORGANIZATIONNAME = "Monica Shih";
				TargetAttributes = {
					DDFD94DD1BCB81EF00F84FEB = {
						CreatedOnToolsVersion = 7.0;
					};
				};
			};
			buildConfigurationList = DDFD94D91BCB81EF00F84FEB /* Build configuration list for PBXProject "ToDoList" */;
			compatibilityVersion = "Xcode 3.2";
			developmentRegion = English;
			hasScannedForEncodings = 0;
			knownRegions = (
				en,
				Base,
			);
			mainGroup = DDFD94D51BCB81EF00F84FEB;
			productRefGroup = DDFD94DF1BCB81EF00F84FEB /* Products */;
			projectDirPath = "";
			projectRoot = "";
			targets = (
				DDFD94DD1BCB81EF00F84FEB /* ToDoList */,
			);
		};
/* End PBXProject section */

/* Begin PBXResourcesBuildPhase section */
		DDFD94DC1BCB81EF00F84FEB /* Resources */ = {
			isa = PBXResourcesBuildPhase;
			buildActionMask = 2147483647;
			files = (
				DDFD94EC1BCB81EF00F84FEB /* LaunchScreen.storyboard in Resources */,
				DDFD94E91BCB81EF00F84FEB /* Assets.xcassets in Resources */,
				DDFD94E71BCB81EF00F84FEB /* Main.storyboard in Resources */,
			);
			runOnlyForDeploymentPostprocessing = 0;
		};
/* End PBXResourcesBuildPhase section */

/* Begin PBXSourcesBuildPhase section */
		DDFD94DA1BCB81EF00F84FEB /* Sources */ = {
			isa = PBXSourcesBuildPhase;
			buildActionMask = 2147483647;
			files = (
				DDFD94E41BCB81EF00F84FEB /* ViewController.swift in Sources */,
				DDFD94E21BCB81EF00F84FEB /* AppDelegate.swift in Sources */,
				DDFD95041BCB892F00F84FEB /* Tasks.swift in Sources */,
				DDFD95061BCB894000F84FEB /* StatsViewController.swift in Sources */,
				DDFD95021BCB891F00F84FEB /* AddTaskViewController.swift in Sources */,
			);
			runOnlyForDeploymentPostprocessing = 0;
		};
/* End PBXSourcesBuildPhase section */

/* Begin PBXVariantGroup section */
		DDFD94E51BCB81EF00F84FEB /* Main.storyboard */ = {
			isa = PBXVariantGroup;
			children = (
				DDFD94E61BCB81EF00F84FEB /* Base */,
			);
			name = Main.storyboard;
			sourceTree = "<group>";
		};
		DDFD94EA1BCB81EF00F84FEB /* LaunchScreen.storyboard */ = {
			isa = PBXVariantGroup;
			children = (
				DDFD94EB1BCB81EF00F84FEB /* Base */,
			);
			name = LaunchScreen.storyboard;
			sourceTree = "<group>";
		};
/* End PBXVariantGroup section */

/* Begin XCBuildConfiguration section */
		DDFD94EE1BCB81EF00F84FEB /* Debug */ = {
			isa = XCBuildConfiguration;
			buildSettings = {
				ALWAYS_SEARCH_USER_PATHS = NO;
				CLANG_CXX_LANGUAGE_STANDARD = "gnu++0x";
				CLANG_CXX_LIBRARY = "libc++";
				CLANG_ENABLE_MODULES = YES;
				CLANG_ENABLE_OBJC_ARC = YES;
				CLANG_WARN_BOOL_CONVERSION = YES;
				CLANG_WARN_CONSTANT_CONVERSION = YES;
				CLANG_WARN_DIRECT_OBJC_ISA_USAGE = YES_ERROR;
				CLANG_WARN_EMPTY_BODY = YES;
				CLANG_WARN_ENUM_CONVERSION = YES;
				CLANG_WARN_INT_CONVERSION = YES;
				CLANG_WARN_OBJC_ROOT_CLASS = YES_ERROR;
				CLANG_WARN_UNREACHABLE_CODE = YES;
				CLANG_WARN__DUPLICATE_METHOD_MATCH = YES;
				"CODE_SIGN_IDENTITY[sdk=iphoneos*]" = "iPhone Developer";
				COPY_PHASE_STRIP = NO;
				DEBUG_INFORMATION_FORMAT = dwarf;
				ENABLE_STRICT_OBJC_MSGSEND = YES;
				ENABLE_TESTABILITY = YES;
				GCC_C_LANGUAGE_STANDARD = gnu99;
				GCC_DYNAMIC_NO_PIC = NO;
				GCC_NO_COMMON_BLOCKS = YES;
				GCC_OPTIMIZATION_LEVEL = 0;
				GCC_PREPROCESSOR_DEFINITIONS = (
					"DEBUG=1",
					"$(inherited)",
				);
				GCC_WARN_64_TO_32_BIT_CONVERSION = YES;
				GCC_WARN_ABOUT_RETURN_TYPE = YES_ERROR;
				GCC_WARN_UNDECLARED_SELECTOR = YES;
				GCC_WARN_UNINITIALIZED_AUTOS = YES_AGGRESSIVE;
				GCC_WARN_UNUSED_FUNCTION = YES;
				GCC_WARN_UNUSED_VARIABLE = YES;
				IPHONEOS_DEPLOYMENT_TARGET = 9.0;
				MTL_ENABLE_DEBUG_INFO = YES;
				ONLY_ACTIVE_ARCH = YES;
				SDKROOT = iphoneos;
				SWIFT_OPTIMIZATION_LEVEL = "-Onone";
			};
			name = Debug;
		};
		DDFD94EF1BCB81EF00F84FEB /* Release */ = {
			isa = XCBuildConfiguration;
			buildSettings = {
				ALWAYS_SEARCH_USER_PATHS = NO;
				CLANG_CXX_LANGUAGE_STANDARD = "gnu++0x";
				CLANG_CXX_LIBRARY = "libc++";
				CLANG_ENABLE_MODULES = YES;
				CLANG_ENABLE_OBJC_ARC = YES;
				CLANG_WARN_BOOL_CONVERSION = YES;
				CLANG_WARN_CONSTANT_CONVERSION = YES;
				CLANG_WARN_DIRECT_OBJC_ISA_USAGE = YES_ERROR;
				CLANG_WARN_EMPTY_BODY = YES;
				CLANG_WARN_ENUM_CONVERSION = YES;
				CLANG_WARN_INT_CONVERSION = YES;
				CLANG_WARN_OBJC_ROOT_CLASS = YES_ERROR;
				CLANG_WARN_UNREACHABLE_CODE = YES;
				CLANG_WARN__DUPLICATE_METHOD_MATCH = YES;
				"CODE_SIGN_IDENTITY[sdk=iphoneos*]" = "iPhone Developer";
				COPY_PHASE_STRIP = NO;
				DEBUG_INFORMATION_FORMAT = "dwarf-with-dsym";
				ENABLE_NS_ASSERTIONS = NO;
				ENABLE_STRICT_OBJC_MSGSEND = YES;
				GCC_C_LANGUAGE_STANDARD = gnu99;
				GCC_NO_COMMON_BLOCKS = YES;
				GCC_WARN_64_TO_32_BIT_CONVERSION = YES;
				GCC_WARN_ABOUT_RETURN_TYPE = YES_ERROR;
				GCC_WARN_UNDECLARED_SELECTOR = YES;
				GCC_WARN_UNINITIALIZED_AUTOS = YES_AGGRESSIVE;
				GCC_WARN_UNUSED_FUNCTION = YES;
				GCC_WARN_UNUSED_VARIABLE = YES;
				IPHONEOS_DEPLOYMENT_TARGET = 9.0;
				MTL_ENABLE_DEBUG_INFO = NO;
				SDKROOT = iphoneos;
				VALIDATE_PRODUCT = YES;
			};
			name = Release;
		};
		DDFD94F11BCB81EF00F84FEB /* Debug */ = {
			isa = XCBuildConfiguration;
			buildSettings = {
				ASSETCATALOG_COMPILER_APPICON_NAME = AppIcon;
				INFOPLIST_FILE = ToDoList/Info.plist;
				LD_RUNPATH_SEARCH_PATHS = "$(inherited) @executable_path/Frameworks";
				PRODUCT_BUNDLE_IDENTIFIER = "cs198-1.ToDoList";
				PRODUCT_NAME = "$(TARGET_NAME)";
			};
			name = Debug;
		};
		DDFD94F21BCB81EF00F84FEB /* Release */ = {
			isa = XCBuildConfiguration;
			buildSettings = {
				ASSETCATALOG_COMPILER_APPICON_NAME = AppIcon;
				INFOPLIST_FILE = ToDoList/Info.plist;
				LD_RUNPATH_SEARCH_PATHS = "$(inherited) @executable_path/Frameworks";
				PRODUCT_BUNDLE_IDENTIFIER = "cs198-1.ToDoList";
				PRODUCT_NAME = "$(TARGET_NAME)";
			};
			name = Release;
		};
/* End XCBuildConfiguration section */

/* Begin XCConfigurationList section */
		DDFD94D91BCB81EF00F84FEB /* Build configuration list for PBXProject "ToDoList" */ = {
			isa = XCConfigurationList;
			buildConfigurations = (
				DDFD94EE1BCB81EF00F84FEB /* Debug */,
				DDFD94EF1BCB81EF00F84FEB /* Release */,
			);
			defaultConfigurationIsVisible = 0;
			defaultConfigurationName = Release;
		};
		DDFD94F01BCB81EF00F84FEB /* Build configuration list for PBXNativeTarget "ToDoList" */ = {
			isa = XCConfigurationList;
			buildConfigurations = (
				DDFD94F11BCB81EF00F84FEB /* Debug */,
				DDFD94F21BCB81EF00F84FEB /* Release */,
			);
			defaultConfigurationIsVisible = 0;
		};
/* End XCConfigurationList section */
	};
	rootObject = DDFD94D61BCB81EF00F84FEB /* Project object */;
}
